
Microsoft Visual Studio Solution File, Format Version 12.00
# Visual Studio Version 17
VisualStudioVersion = 17.12.35506.116 d17.12
MinimumVisualStudioVersion = 10.0.40219.1
Project("{FAE04EC0-301F-11D3-BF4B-00C04F79EFBC}") = "WebApi", "WebApi\WebApi.csproj", "{A103C7DD-F9CC-4C67-8ECA-2C9BBB0A46DD}"
EndProject
Global
	GlobalSection(SolutionConfigurationPlatforms) = preSolution
		Debug|Any CPU = Debug|Any CPU
		Release|Any CPU = Release|Any CPU
	EndGlobalSection
	GlobalSection(ProjectConfigurationPlatforms) = postSolution
		{A103C7DD-F9CC-4C67-8ECA-2C9BBB0A46DD}.Debug|Any CPU.ActiveCfg = Debug|Any CPU
		{A103C7DD-F9CC-4C67-8ECA-2C9BBB0A46DD}.Debug|Any CPU.Build.0 = Debug|Any CPU
		{A103C7DD-F9CC-4C67-8ECA-2C9BBB0A46DD}.Release|Any CPU.ActiveCfg = Release|Any CPU
		{A103C7DD-F9CC-4C67-8ECA-2C9BBB0A46DD}.Release|Any CPU.Build.0 = Release|Any CPU
	EndGlobalSection
	GlobalSection(SolutionProperties) = preSolution
		HideSolutionNode = FALSE
	EndGlobalSection
EndGlobal
